
Microsoft Visual Studio Solution File, Format Version 12.00
Project("{FAE04EC0-301F-11D3-BF4B-00C04F79EFBC}") = "BitMod", "api\BitMod\BitMod.csproj", "{20CD73A1-A74C-4205-AD74-9B48EEEFB3EC}"
EndProject
Project("{2150E333-8FDC-42A3-9474-1A3956D46DE8}") = "api", "api", "{621F6C25-527F-4BA1-BF59-1D19021A9B88}"
EndProject
Project("{2150E333-8FDC-42A3-9474-1A3956D46DE8}") = "upstream", "upstream", "{382D2698-5A85-4BA7-85C7-CD58874F8169}"
EndProject
Project("{FAE04EC0-301F-11D3-BF4B-00C04F79EFBC}") = "CommunityServerAPI", "upstream\BattleBitAPI\CommunityServerAPI.csproj", "{63E2A804-E204-4919-98EC-F60CFC4777FA}"
EndProject
Project("{FAE04EC0-301F-11D3-BF4B-00C04F79EFBC}") = "BitMod.Plugins", "api\BitMod.Plugins\BitMod.Plugins.csproj", "{8D614C4F-22BE-461A-BD7D-80507EAA823F}"
EndProject
Project("{2150E333-8FDC-42A3-9474-1A3956D46DE8}") = "tests", "tests", "{11BEBA9D-0E44-4A6D-A5EF-5A53B977EC06}"
EndProject
Project("{FAE04EC0-301F-11D3-BF4B-00C04F79EFBC}") = "BitMod.Tests", "tests\BitMod.Tests\BitMod.Tests.csproj", "{A3BE58F5-FB17-4B97-8636-57062741EBFA}"
EndProject
Global
	GlobalSection(SolutionConfigurationPlatforms) = preSolution
		Debug|Any CPU = Debug|Any CPU
		Release|Any CPU = Release|Any CPU
	EndGlobalSection
	GlobalSection(ProjectConfigurationPlatforms) = postSolution
		{20CD73A1-A74C-4205-AD74-9B48EEEFB3EC}.Debug|Any CPU.ActiveCfg = Debug|Any CPU
		{20CD73A1-A74C-4205-AD74-9B48EEEFB3EC}.Debug|Any CPU.Build.0 = Debug|Any CPU
		{20CD73A1-A74C-4205-AD74-9B48EEEFB3EC}.Release|Any CPU.ActiveCfg = Release|Any CPU
		{20CD73A1-A74C-4205-AD74-9B48EEEFB3EC}.Release|Any CPU.Build.0 = Release|Any CPU
		{63E2A804-E204-4919-98EC-F60CFC4777FA}.Debug|Any CPU.ActiveCfg = Debug|Any CPU
		{63E2A804-E204-4919-98EC-F60CFC4777FA}.Debug|Any CPU.Build.0 = Debug|Any CPU
		{63E2A804-E204-4919-98EC-F60CFC4777FA}.Release|Any CPU.ActiveCfg = Release|Any CPU
		{63E2A804-E204-4919-98EC-F60CFC4777FA}.Release|Any CPU.Build.0 = Release|Any CPU
		{8D614C4F-22BE-461A-BD7D-80507EAA823F}.Debug|Any CPU.ActiveCfg = Debug|Any CPU
		{8D614C4F-22BE-461A-BD7D-80507EAA823F}.Debug|Any CPU.Build.0 = Debug|Any CPU
		{8D614C4F-22BE-461A-BD7D-80507EAA823F}.Release|Any CPU.ActiveCfg = Release|Any CPU
		{8D614C4F-22BE-461A-BD7D-80507EAA823F}.Release|Any CPU.Build.0 = Release|Any CPU
		{A3BE58F5-FB17-4B97-8636-57062741EBFA}.Debug|Any CPU.ActiveCfg = Debug|Any CPU
		{A3BE58F5-FB17-4B97-8636-57062741EBFA}.Debug|Any CPU.Build.0 = Debug|Any CPU
		{A3BE58F5-FB17-4B97-8636-57062741EBFA}.Release|Any CPU.ActiveCfg = Release|Any CPU
		{A3BE58F5-FB17-4B97-8636-57062741EBFA}.Release|Any CPU.Build.0 = Release|Any CPU
	EndGlobalSection
	GlobalSection(NestedProjects) = preSolution
		{20CD73A1-A74C-4205-AD74-9B48EEEFB3EC} = {621F6C25-527F-4BA1-BF59-1D19021A9B88}
		{63E2A804-E204-4919-98EC-F60CFC4777FA} = {382D2698-5A85-4BA7-85C7-CD58874F8169}
		{8D614C4F-22BE-461A-BD7D-80507EAA823F} = {621F6C25-527F-4BA1-BF59-1D19021A9B88}
		{A3BE58F5-FB17-4B97-8636-57062741EBFA} = {11BEBA9D-0E44-4A6D-A5EF-5A53B977EC06}
	EndGlobalSection
EndGlobal
