
Microsoft Visual Studio Solution File, Format Version 12.00
Project("{2150E333-8FDC-42A3-9474-1A3956D46DE8}") = "builtin", "builtin", "{A5E7842B-999F-4AB3-B846-51C68DAA792B}"
EndProject
Project("{FAE04EC0-301F-11D3-BF4B-00C04F79EFBC}") = "BitMod.Commands", "builtin\BitMod.Commands\BitMod.Commands.csproj", "{04AA6CD8-1003-4D7A-B0F0-2F1DAC2AA7E6}"
EndProject
Project("{2150E333-8FDC-42A3-9474-1A3956D46DE8}") = "api", "api", "{575C205C-A43D-45DF-A4E4-B689A8C7AC82}"
EndProject
Project("{FAE04EC0-301F-11D3-BF4B-00C04F79EFBC}") = "BitMod.Flags", "builtin\BitMod.Flags\BitMod.Flags.csproj", "{A88A907E-6FBC-4CC8-9DCD-8BDA5BA79703}"
EndProject
Project("{FAE04EC0-301F-11D3-BF4B-00C04F79EFBC}") = "BitMod.Moderation", "builtin\BitMod.Moderation\BitMod.Moderation.csproj", "{9984EBA4-767D-4A6D-82B7-08F0EE50C25A}"
EndProject
Project("{FAE04EC0-301F-11D3-BF4B-00C04F79EFBC}") = "BitMod.Provision", "builtin\BitMod.Provision\BitMod.Provision.csproj", "{977540BF-CC03-4F81-AA50-22E924469634}"
EndProject
Project("{FAE04EC0-301F-11D3-BF4B-00C04F79EFBC}") = "BitMod", "api\BitMod\BitMod.csproj", "{1CD7B592-A453-4A8E-B556-14D52947C0F5}"
EndProject
Project("{FAE04EC0-301F-11D3-BF4B-00C04F79EFBC}") = "BitMod.Whitelist", "builtin\BitMod.Whitelist\BitMod.Whitelist.csproj", "{E4BA4F87-3089-49B2-AA73-46C1D2812A92}"
EndProject
Project("{2150E333-8FDC-42A3-9474-1A3956D46DE8}") = "upstream", "upstream", "{034634E0-DADE-4CDD-BCA4-98FDD606D934}"
EndProject
Project("{FAE04EC0-301F-11D3-BF4B-00C04F79EFBC}") = "BattleBitAPI", "upstream\BattleBitAPI\BattleBitAPI\BattleBitAPI.csproj", "{AFF43ED3-4F91-48DA-9C78-95DCEABC8228}"
EndProject
Project("{FAE04EC0-301F-11D3-BF4B-00C04F79EFBC}") = "McMaster.NETCore.Plugins", "upstream\DotNetCorePlugins\src\Plugins\McMaster.NETCore.Plugins.csproj", "{52914215-CD2B-4E9A-9C56-773E80011320}"
EndProject
Global
	GlobalSection(NestedProjects) = preSolution
		{04AA6CD8-1003-4D7A-B0F0-2F1DAC2AA7E6} = {A5E7842B-999F-4AB3-B846-51C68DAA792B}
		{A88A907E-6FBC-4CC8-9DCD-8BDA5BA79703} = {A5E7842B-999F-4AB3-B846-51C68DAA792B}
		{9984EBA4-767D-4A6D-82B7-08F0EE50C25A} = {A5E7842B-999F-4AB3-B846-51C68DAA792B}
		{977540BF-CC03-4F81-AA50-22E924469634} = {A5E7842B-999F-4AB3-B846-51C68DAA792B}
		{1CD7B592-A453-4A8E-B556-14D52947C0F5} = {575C205C-A43D-45DF-A4E4-B689A8C7AC82}
		{E4BA4F87-3089-49B2-AA73-46C1D2812A92} = {A5E7842B-999F-4AB3-B846-51C68DAA792B}
		{AFF43ED3-4F91-48DA-9C78-95DCEABC8228} = {034634E0-DADE-4CDD-BCA4-98FDD606D934}
		{52914215-CD2B-4E9A-9C56-773E80011320} = {034634E0-DADE-4CDD-BCA4-98FDD606D934}
	EndGlobalSection
	GlobalSection(ProjectConfigurationPlatforms) = postSolution
		{1CD7B592-A453-4A8E-B556-14D52947C0F5}.Debug|Any CPU.ActiveCfg = Debug|Any CPU
		{1CD7B592-A453-4A8E-B556-14D52947C0F5}.Release|Any CPU.ActiveCfg = Release|Any CPU
		{1CD7B592-A453-4A8E-B556-14D52947C0F5}.Release|Any CPU.Build.0 = Release|Any CPU
		{1CD7B592-A453-4A8E-B556-14D52947C0F5}.Debug|Any CPU.Build.0 = Debug|Any CPU
		{04AA6CD8-1003-4D7A-B0F0-2F1DAC2AA7E6}.Debug|Any CPU.ActiveCfg = Debug|Any CPU
		{04AA6CD8-1003-4D7A-B0F0-2F1DAC2AA7E6}.Debug|Any CPU.Build.0 = Debug|Any CPU
		{04AA6CD8-1003-4D7A-B0F0-2F1DAC2AA7E6}.Release|Any CPU.ActiveCfg = Release|Any CPU
		{04AA6CD8-1003-4D7A-B0F0-2F1DAC2AA7E6}.Release|Any CPU.Build.0 = Release|Any CPU
		{A88A907E-6FBC-4CC8-9DCD-8BDA5BA79703}.Debug|Any CPU.ActiveCfg = Debug|Any CPU
		{A88A907E-6FBC-4CC8-9DCD-8BDA5BA79703}.Debug|Any CPU.Build.0 = Debug|Any CPU
		{A88A907E-6FBC-4CC8-9DCD-8BDA5BA79703}.Release|Any CPU.ActiveCfg = Release|Any CPU
		{A88A907E-6FBC-4CC8-9DCD-8BDA5BA79703}.Release|Any CPU.Build.0 = Release|Any CPU
		{9984EBA4-767D-4A6D-82B7-08F0EE50C25A}.Debug|Any CPU.ActiveCfg = Debug|Any CPU
		{9984EBA4-767D-4A6D-82B7-08F0EE50C25A}.Debug|Any CPU.Build.0 = Debug|Any CPU
		{9984EBA4-767D-4A6D-82B7-08F0EE50C25A}.Release|Any CPU.ActiveCfg = Release|Any CPU
		{9984EBA4-767D-4A6D-82B7-08F0EE50C25A}.Release|Any CPU.Build.0 = Release|Any CPU
		{977540BF-CC03-4F81-AA50-22E924469634}.Debug|Any CPU.ActiveCfg = Debug|Any CPU
		{977540BF-CC03-4F81-AA50-22E924469634}.Debug|Any CPU.Build.0 = Debug|Any CPU
		{977540BF-CC03-4F81-AA50-22E924469634}.Release|Any CPU.ActiveCfg = Release|Any CPU
		{977540BF-CC03-4F81-AA50-22E924469634}.Release|Any CPU.Build.0 = Release|Any CPU
		{E4BA4F87-3089-49B2-AA73-46C1D2812A92}.Debug|Any CPU.ActiveCfg = Debug|Any CPU
		{E4BA4F87-3089-49B2-AA73-46C1D2812A92}.Debug|Any CPU.Build.0 = Debug|Any CPU
		{E4BA4F87-3089-49B2-AA73-46C1D2812A92}.Release|Any CPU.ActiveCfg = Release|Any CPU
		{E4BA4F87-3089-49B2-AA73-46C1D2812A92}.Release|Any CPU.Build.0 = Release|Any CPU
		{AFF43ED3-4F91-48DA-9C78-95DCEABC8228}.Debug|Any CPU.ActiveCfg = Debug|Any CPU
		{AFF43ED3-4F91-48DA-9C78-95DCEABC8228}.Release|Any CPU.ActiveCfg = Release|Any CPU
		{AFF43ED3-4F91-48DA-9C78-95DCEABC8228}.Release|Any CPU.Build.0 = Release|Any CPU
		{AFF43ED3-4F91-48DA-9C78-95DCEABC8228}.Debug|Any CPU.Build.0 = Debug|Any CPU
		{52914215-CD2B-4E9A-9C56-773E80011320}.Debug|Any CPU.ActiveCfg = Debug|Any CPU
		{52914215-CD2B-4E9A-9C56-773E80011320}.Release|Any CPU.ActiveCfg = Release|Any CPU
		{52914215-CD2B-4E9A-9C56-773E80011320}.Release|Any CPU.Build.0 = Release|Any CPU
		{52914215-CD2B-4E9A-9C56-773E80011320}.Debug|Any CPU.Build.0 = Debug|Any CPU
	EndGlobalSection
	GlobalSection(SolutionConfigurationPlatforms) = preSolution
		Debug|Any CPU = Debug|Any CPU
		Release|Any CPU = Release|Any CPU
	EndGlobalSection
EndGlobal
